
Microsoft Visual Studio Solution File, Format Version 12.00
# Visual Studio Express 15 for Windows Desktop
VisualStudioVersion = 15.0.27004.2006
MinimumVisualStudioVersion = 10.0.40219.1
Project("{FAE04EC0-301F-11D3-BF4B-00C04F79EFBC}") = "Assignemnt 5.2", "Assignemnt 5.2\Assignemnt 5.2.csproj", "{4B539321-B6C1-4F46-81B2-BBD7CF021C08}"
EndProject
Global
	GlobalSection(SolutionConfigurationPlatforms) = preSolution
		Debug|Any CPU = Debug|Any CPU
		Release|Any CPU = Release|Any CPU
	EndGlobalSection
	GlobalSection(ProjectConfigurationPlatforms) = postSolution
		{4B539321-B6C1-4F46-81B2-BBD7CF021C08}.Debug|Any CPU.ActiveCfg = Debug|Any CPU
		{4B539321-B6C1-4F46-81B2-BBD7CF021C08}.Debug|Any CPU.Build.0 = Debug|Any CPU
		{4B539321-B6C1-4F46-81B2-BBD7CF021C08}.Release|Any CPU.ActiveCfg = Release|Any CPU
		{4B539321-B6C1-4F46-81B2-BBD7CF021C08}.Release|Any CPU.Build.0 = Release|Any CPU
	EndGlobalSection
	GlobalSection(SolutionProperties) = preSolution
		HideSolutionNode = FALSE
	EndGlobalSection
	GlobalSection(ExtensibilityGlobals) = postSolution
		SolutionGuid = {A08A5603-132A-4F91-B038-281C68700D94}
	EndGlobalSection
EndGlobal
